
Microsoft Visual Studio Solution File, Format Version 12.00
# Visual Studio Version 16
VisualStudioVersion = 16.0.31515.178
MinimumVisualStudioVersion = 10.0.40219.1
Project("{FAE04EC0-301F-11D3-BF4B-00C04F79EFBC}") = "GetValueFromRequestHeader", "GetValueFromRequestHeader\GetValueFromRequestHeader.csproj", "{2655F255-542C-42D5-98C7-01FF1BD89DD6}"
EndProject
Global
	GlobalSection(SolutionConfigurationPlatforms) = preSolution
		Debug|Any CPU = Debug|Any CPU
		Release|Any CPU = Release|Any CPU
	EndGlobalSection
	GlobalSection(ProjectConfigurationPlatforms) = postSolution
		{2655F255-542C-42D5-98C7-01FF1BD89DD6}.Debug|Any CPU.ActiveCfg = Debug|Any CPU
		{2655F255-542C-42D5-98C7-01FF1BD89DD6}.Debug|Any CPU.Build.0 = Debug|Any CPU
		{2655F255-542C-42D5-98C7-01FF1BD89DD6}.Release|Any CPU.ActiveCfg = Release|Any CPU
		{2655F255-542C-42D5-98C7-01FF1BD89DD6}.Release|Any CPU.Build.0 = Release|Any CPU
	EndGlobalSection
	GlobalSection(SolutionProperties) = preSolution
		HideSolutionNode = FALSE
	EndGlobalSection
	GlobalSection(ExtensibilityGlobals) = postSolution
		SolutionGuid = {E9E112E0-B508-4703-87DC-B2589708E8FD}
	EndGlobalSection
EndGlobal
